
Microsoft Visual Studio Solution File, Format Version 12.00
# Visual Studio 15
VisualStudioVersion = 15.0.28010.2036
MinimumVisualStudioVersion = 10.0.40219.1
Project("{FAE04EC0-301F-11D3-BF4B-00C04F79EFBC}") = "AspCoreWithAngular", "AspCoreWithAngular\AspCoreWithAngular.csproj", "{45B5DE66-1A1B-4F4C-AE6C-5AE6C56F4D68}"
EndProject
Global
	GlobalSection(SolutionConfigurationPlatforms) = preSolution
		Debug|Any CPU = Debug|Any CPU
		Release|Any CPU = Release|Any CPU
	EndGlobalSection
	GlobalSection(ProjectConfigurationPlatforms) = postSolution
		{45B5DE66-1A1B-4F4C-AE6C-5AE6C56F4D68}.Debug|Any CPU.ActiveCfg = Debug|Any CPU
		{45B5DE66-1A1B-4F4C-AE6C-5AE6C56F4D68}.Debug|Any CPU.Build.0 = Debug|Any CPU
		{45B5DE66-1A1B-4F4C-AE6C-5AE6C56F4D68}.Release|Any CPU.ActiveCfg = Release|Any CPU
		{45B5DE66-1A1B-4F4C-AE6C-5AE6C56F4D68}.Release|Any CPU.Build.0 = Release|Any CPU
	EndGlobalSection
	GlobalSection(SolutionProperties) = preSolution
		HideSolutionNode = FALSE
	EndGlobalSection
	GlobalSection(ExtensibilityGlobals) = postSolution
		SolutionGuid = {050CFAE6-F2A0-4CBB-B325-317B637244DB}
	EndGlobalSection
EndGlobal
